
Microsoft Visual Studio Solution File, Format Version 12.00
# Visual Studio Version 17
VisualStudioVersion = 17.4.33213.308
MinimumVisualStudioVersion = 10.0.40219.1
Project("{FAE04EC0-301F-11D3-BF4B-00C04F79EFBC}") = "MiPrimeraApi", "MiPrimeraApi\MiPrimeraApi.csproj", "{6FFE1C82-A5E4-4109-AAC4-5756EA51819E}"
EndProject
Global
	GlobalSection(SolutionConfigurationPlatforms) = preSolution
		Debug|Any CPU = Debug|Any CPU
		Release|Any CPU = Release|Any CPU
	EndGlobalSection
	GlobalSection(ProjectConfigurationPlatforms) = postSolution
		{6FFE1C82-A5E4-4109-AAC4-5756EA51819E}.Debug|Any CPU.ActiveCfg = Debug|Any CPU
		{6FFE1C82-A5E4-4109-AAC4-5756EA51819E}.Debug|Any CPU.Build.0 = Debug|Any CPU
		{6FFE1C82-A5E4-4109-AAC4-5756EA51819E}.Release|Any CPU.ActiveCfg = Release|Any CPU
		{6FFE1C82-A5E4-4109-AAC4-5756EA51819E}.Release|Any CPU.Build.0 = Release|Any CPU
	EndGlobalSection
	GlobalSection(SolutionProperties) = preSolution
		HideSolutionNode = FALSE
	EndGlobalSection
	GlobalSection(ExtensibilityGlobals) = postSolution
		SolutionGuid = {C6D61C4D-8B30-4EBE-AF2E-82F6062C7068}
	EndGlobalSection
EndGlobal
