
Microsoft Visual Studio Solution File, Format Version 12.00
# Visual Studio Version 17
VisualStudioVersion = 17.4.33213.308
MinimumVisualStudioVersion = 10.0.40219.1
Project("{FAE04EC0-301F-11D3-BF4B-00C04F79EFBC}") = "PreEntrega 1", "PreEntrega 1\PreEntrega 1.csproj", "{06F2183A-875B-484E-A076-89BFCBD6EEF5}"
EndProject
Global
	GlobalSection(SolutionConfigurationPlatforms) = preSolution
		Debug|Any CPU = Debug|Any CPU
		Release|Any CPU = Release|Any CPU
	EndGlobalSection
	GlobalSection(ProjectConfigurationPlatforms) = postSolution
		{06F2183A-875B-484E-A076-89BFCBD6EEF5}.Debug|Any CPU.ActiveCfg = Debug|Any CPU
		{06F2183A-875B-484E-A076-89BFCBD6EEF5}.Debug|Any CPU.Build.0 = Debug|Any CPU
		{06F2183A-875B-484E-A076-89BFCBD6EEF5}.Release|Any CPU.ActiveCfg = Release|Any CPU
		{06F2183A-875B-484E-A076-89BFCBD6EEF5}.Release|Any CPU.Build.0 = Release|Any CPU
	EndGlobalSection
	GlobalSection(SolutionProperties) = preSolution
		HideSolutionNode = FALSE
	EndGlobalSection
	GlobalSection(ExtensibilityGlobals) = postSolution
		SolutionGuid = {3976094E-D5EA-4CCB-B4B5-0094F4C78842}
	EndGlobalSection
EndGlobal
